{
  "nodes": {
    "nixpkgs": {
      "locked": {
        "lastModified": 1706366654,
        "narHash": "sha256-t3P/bWrO8ClAYvNqmiT1gZhJ8/T1bwNBxqdcmTtaGdY=",
        "owner": "NixOS",
        "repo": "nixpkgs",
        "rev": "5df7b866cd6e66d04f2a09d0c14f18c308aca1b4",
        "type": "github"
      },
      "original": {
        "owner": "NixOS",
        "ref": "release-23.11",
        "repo": "nixpkgs",
        "type": "github"
      }
    },
    "nixpkgs-unstable": {
      "locked": {
        "lastModified": 1706367977,
        "narHash": "sha256-JU5ciAAP7ZwiZ0gaYzsebI+Pe+Y2D2zWlB9xG9Wf6gg=",
        "owner": "NixOS",
        "repo": "nixpkgs",
        "rev": "db36818ea0ac4821dd5783285b61f4f5ce761c2a",
        "type": "github"
      },
      "original": {
        "owner": "NixOS",
        "ref": "master",
        "repo": "nixpkgs",
        "type": "github"
      }
    },
    "root": {
      "inputs": {
        "nixpkgs": "nixpkgs",
        "nixpkgs-unstable": "nixpkgs-unstable"
      }
    }
  },
  "root": "root",
  "version": 7
}
