{
  "nodes": {
    "nixpkgs": {
      "locked": {
        "lastModified": 1737273506,
        "narHash": "sha256-fJv6dG4/zjTVMWjYxgWqKlu2opGRFNArasObnLKTOG8=",
        "owner": "NixOS",
        "repo": "nixpkgs",
        "rev": "43c29f753cbc9c8a27d60fae1eafa5f1d4c2673f",
        "type": "github"
      },
      "original": {
        "owner": "NixOS",
        "ref": "release-24.11",
        "repo": "nixpkgs",
        "type": "github"
      }
    },
    "nixpkgs-unstable": {
      "locked": {
        "lastModified": 1737274611,
        "narHash": "sha256-tmD7875tu1P0UvhI3Q/fXvIe8neJo7H9ZrPQ+QF7Q3E=",
        "owner": "NixOS",
        "repo": "nixpkgs",
        "rev": "50165c4f7eb48ce82bd063e1fb8047a0f515f8ce",
        "type": "github"
      },
      "original": {
        "owner": "NixOS",
        "ref": "master",
        "repo": "nixpkgs",
        "type": "github"
      }
    },
    "root": {
      "inputs": {
        "nixpkgs": "nixpkgs",
        "nixpkgs-unstable": "nixpkgs-unstable"
      }
    }
  },
  "root": "root",
  "version": 7
}
